
Microsoft Visual Studio Solution File, Format Version 12.00
# Visual Studio Version 16
VisualStudioVersion = 16.0.31129.286
MinimumVisualStudioVersion = 10.0.40219.1
Project("{FAE04EC0-301F-11D3-BF4B-00C04F79EFBC}") = "CSharp", "CSharp\CSharp.csproj", "{9F76BB0F-A08B-46CE-BD76-BEAF358E5E8D}"
EndProject
Global
	GlobalSection(SolutionConfigurationPlatforms) = preSolution
		Debug|Any CPU = Debug|Any CPU
		Release|Any CPU = Release|Any CPU
	EndGlobalSection
	GlobalSection(ProjectConfigurationPlatforms) = postSolution
		{9F76BB0F-A08B-46CE-BD76-BEAF358E5E8D}.Debug|Any CPU.ActiveCfg = Debug|Any CPU
		{9F76BB0F-A08B-46CE-BD76-BEAF358E5E8D}.Debug|Any CPU.Build.0 = Debug|Any CPU
		{9F76BB0F-A08B-46CE-BD76-BEAF358E5E8D}.Release|Any CPU.ActiveCfg = Release|Any CPU
		{9F76BB0F-A08B-46CE-BD76-BEAF358E5E8D}.Release|Any CPU.Build.0 = Release|Any CPU
	EndGlobalSection
	GlobalSection(SolutionProperties) = preSolution
		HideSolutionNode = FALSE
	EndGlobalSection
	GlobalSection(ExtensibilityGlobals) = postSolution
		SolutionGuid = {4CC16807-4A28-4FD6-A0F6-54787A49E1F8}
	EndGlobalSection
EndGlobal
